
Microsoft Visual Studio Solution File, Format Version 12.00
# Visual Studio Version 16
VisualStudioVersion = 16.0.31205.134
MinimumVisualStudioVersion = 10.0.40219.1
Project("{9A19103F-16F7-4668-BE54-9A1E7A4F7556}") = "Ex 2", "Ex2\Ex 2.csproj", "{64684EFF-8B37-4A9F-A995-5E5ED3D83AF9}"
EndProject
Project("{9A19103F-16F7-4668-BE54-9A1E7A4F7556}") = "Ex 3", "Ex 3\Ex 3.csproj", "{79B87B68-B538-4322-88E3-B727ADEDBE00}"
EndProject
Project("{9A19103F-16F7-4668-BE54-9A1E7A4F7556}") = "Ex 1", "Ex 1\Ex 1.csproj", "{80CE78E3-B175-42F9-85A4-691042E14A47}"
EndProject
Global
	GlobalSection(SolutionConfigurationPlatforms) = preSolution
		Debug|Any CPU = Debug|Any CPU
		Release|Any CPU = Release|Any CPU
	EndGlobalSection
	GlobalSection(ProjectConfigurationPlatforms) = postSolution
		{64684EFF-8B37-4A9F-A995-5E5ED3D83AF9}.Debug|Any CPU.ActiveCfg = Debug|Any CPU
		{64684EFF-8B37-4A9F-A995-5E5ED3D83AF9}.Debug|Any CPU.Build.0 = Debug|Any CPU
		{64684EFF-8B37-4A9F-A995-5E5ED3D83AF9}.Release|Any CPU.ActiveCfg = Release|Any CPU
		{64684EFF-8B37-4A9F-A995-5E5ED3D83AF9}.Release|Any CPU.Build.0 = Release|Any CPU
		{79B87B68-B538-4322-88E3-B727ADEDBE00}.Debug|Any CPU.ActiveCfg = Debug|Any CPU
		{79B87B68-B538-4322-88E3-B727ADEDBE00}.Debug|Any CPU.Build.0 = Debug|Any CPU
		{79B87B68-B538-4322-88E3-B727ADEDBE00}.Release|Any CPU.ActiveCfg = Release|Any CPU
		{79B87B68-B538-4322-88E3-B727ADEDBE00}.Release|Any CPU.Build.0 = Release|Any CPU
		{80CE78E3-B175-42F9-85A4-691042E14A47}.Debug|Any CPU.ActiveCfg = Debug|Any CPU
		{80CE78E3-B175-42F9-85A4-691042E14A47}.Debug|Any CPU.Build.0 = Debug|Any CPU
		{80CE78E3-B175-42F9-85A4-691042E14A47}.Release|Any CPU.ActiveCfg = Release|Any CPU
		{80CE78E3-B175-42F9-85A4-691042E14A47}.Release|Any CPU.Build.0 = Release|Any CPU
	EndGlobalSection
	GlobalSection(SolutionProperties) = preSolution
		HideSolutionNode = FALSE
	EndGlobalSection
	GlobalSection(ExtensibilityGlobals) = postSolution
		SolutionGuid = {6083A1FE-16CD-4475-B1D0-CF57E6E22E33}
	EndGlobalSection
EndGlobal
